
Microsoft Visual Studio Solution File, Format Version 12.00
# Visual Studio 15
VisualStudioVersion = 15.0.27130.2027
MinimumVisualStudioVersion = 10.0.40219.1
Project("{9A19103F-16F7-4668-BE54-9A1E7A4F7556}") = "BooksAPI.REST", "BooksAPI.REST\BooksAPI.REST.csproj", "{43DD5627-A11E-459F-89AB-F668DB3A8CB1}"
EndProject
Project("{9A19103F-16F7-4668-BE54-9A1E7A4F7556}") = "BooksAPI.OData", "BooksAPI.OData\BooksAPI.OData.csproj", "{8A87FEF9-4CA4-4647-B975-1EF5A1BE4BCA}"
EndProject
Global
	GlobalSection(SolutionConfigurationPlatforms) = preSolution
		Debug|Any CPU = Debug|Any CPU
		Release|Any CPU = Release|Any CPU
	EndGlobalSection
	GlobalSection(ProjectConfigurationPlatforms) = postSolution
		{43DD5627-A11E-459F-89AB-F668DB3A8CB1}.Debug|Any CPU.ActiveCfg = Debug|Any CPU
		{43DD5627-A11E-459F-89AB-F668DB3A8CB1}.Debug|Any CPU.Build.0 = Debug|Any CPU
		{43DD5627-A11E-459F-89AB-F668DB3A8CB1}.Release|Any CPU.ActiveCfg = Release|Any CPU
		{43DD5627-A11E-459F-89AB-F668DB3A8CB1}.Release|Any CPU.Build.0 = Release|Any CPU
		{8A87FEF9-4CA4-4647-B975-1EF5A1BE4BCA}.Debug|Any CPU.ActiveCfg = Debug|Any CPU
		{8A87FEF9-4CA4-4647-B975-1EF5A1BE4BCA}.Debug|Any CPU.Build.0 = Debug|Any CPU
		{8A87FEF9-4CA4-4647-B975-1EF5A1BE4BCA}.Release|Any CPU.ActiveCfg = Release|Any CPU
		{8A87FEF9-4CA4-4647-B975-1EF5A1BE4BCA}.Release|Any CPU.Build.0 = Release|Any CPU
	EndGlobalSection
	GlobalSection(SolutionProperties) = preSolution
		HideSolutionNode = FALSE
	EndGlobalSection
	GlobalSection(ExtensibilityGlobals) = postSolution
		SolutionGuid = {0E6C3C4D-74C8-4C09-9CEB-914FF89FFC9C}
	EndGlobalSection
EndGlobal
